
Microsoft Visual Studio Solution File, Format Version 12.00
# Visual Studio 15
VisualStudioVersion = 15.0.28010.2050
MinimumVisualStudioVersion = 10.0.40219.1
Project("{FAE04EC0-301F-11D3-BF4B-00C04F79EFBC}") = "Building", "Building\Building.csproj", "{E8FAD237-701A-4B39-B5FD-184EF54F1DDF}"
EndProject
Project("{FAE04EC0-301F-11D3-BF4B-00C04F79EFBC}") = "ElivatorClient", "Elevator\ElivatorClient.csproj", "{4FBE759B-CFF4-43F9-9A43-4577DDFFAF9A}"
EndProject
Global
	GlobalSection(SolutionConfigurationPlatforms) = preSolution
		Debug|Any CPU = Debug|Any CPU
		Release|Any CPU = Release|Any CPU
	EndGlobalSection
	GlobalSection(ProjectConfigurationPlatforms) = postSolution
		{E8FAD237-701A-4B39-B5FD-184EF54F1DDF}.Debug|Any CPU.ActiveCfg = Debug|Any CPU
		{E8FAD237-701A-4B39-B5FD-184EF54F1DDF}.Debug|Any CPU.Build.0 = Debug|Any CPU
		{E8FAD237-701A-4B39-B5FD-184EF54F1DDF}.Release|Any CPU.ActiveCfg = Release|Any CPU
		{E8FAD237-701A-4B39-B5FD-184EF54F1DDF}.Release|Any CPU.Build.0 = Release|Any CPU
		{4FBE759B-CFF4-43F9-9A43-4577DDFFAF9A}.Debug|Any CPU.ActiveCfg = Debug|Any CPU
		{4FBE759B-CFF4-43F9-9A43-4577DDFFAF9A}.Debug|Any CPU.Build.0 = Debug|Any CPU
		{4FBE759B-CFF4-43F9-9A43-4577DDFFAF9A}.Release|Any CPU.ActiveCfg = Release|Any CPU
		{4FBE759B-CFF4-43F9-9A43-4577DDFFAF9A}.Release|Any CPU.Build.0 = Release|Any CPU
	EndGlobalSection
	GlobalSection(SolutionProperties) = preSolution
		HideSolutionNode = FALSE
	EndGlobalSection
	GlobalSection(ExtensibilityGlobals) = postSolution
		SolutionGuid = {8BA8C7FE-F83B-4109-BDC1-0CE4D44CE9C2}
	EndGlobalSection
EndGlobal
